
Microsoft Visual Studio Solution File, Format Version 12.00
# Visual Studio Version 16
VisualStudioVersion = 16.0.30804.86
MinimumVisualStudioVersion = 10.0.40219.1
Project("{9A19103F-16F7-4668-BE54-9A1E7A4F7556}") = "RateLimiting.Host", "RateLimiting.Host.csproj", "{E2657398-D360-4C6C-8641-238EC013B142}"
EndProject
Project("{2150E333-8FDC-42A3-9474-1A3956D46DE8}") = "Tests", "Tests", "{0077E305-B43B-4F9F-855A-121E2738E6F2}"
EndProject
Project("{FAE04EC0-301F-11D3-BF4B-00C04F79EFBC}") = "RateLimiting.Tests", "..\RateLimiting.Tests\RateLimiting.Tests.csproj", "{48E4096F-C18E-44B4-8A64-835A59E3DF1D}"
EndProject
Project("{2150E333-8FDC-42A3-9474-1A3956D46DE8}") = "Host", "Host", "{9A26F80B-10EC-4FC9-BBBC-F0F9A3D5011A}"
EndProject
Global
	GlobalSection(SolutionConfigurationPlatforms) = preSolution
		Debug|Any CPU = Debug|Any CPU
		Release|Any CPU = Release|Any CPU
	EndGlobalSection
	GlobalSection(ProjectConfigurationPlatforms) = postSolution
		{E2657398-D360-4C6C-8641-238EC013B142}.Debug|Any CPU.ActiveCfg = Debug|Any CPU
		{E2657398-D360-4C6C-8641-238EC013B142}.Debug|Any CPU.Build.0 = Debug|Any CPU
		{E2657398-D360-4C6C-8641-238EC013B142}.Release|Any CPU.ActiveCfg = Release|Any CPU
		{E2657398-D360-4C6C-8641-238EC013B142}.Release|Any CPU.Build.0 = Release|Any CPU
		{48E4096F-C18E-44B4-8A64-835A59E3DF1D}.Debug|Any CPU.ActiveCfg = Debug|Any CPU
		{48E4096F-C18E-44B4-8A64-835A59E3DF1D}.Debug|Any CPU.Build.0 = Debug|Any CPU
		{48E4096F-C18E-44B4-8A64-835A59E3DF1D}.Release|Any CPU.ActiveCfg = Release|Any CPU
		{48E4096F-C18E-44B4-8A64-835A59E3DF1D}.Release|Any CPU.Build.0 = Release|Any CPU
	EndGlobalSection
	GlobalSection(SolutionProperties) = preSolution
		HideSolutionNode = FALSE
	EndGlobalSection
	GlobalSection(NestedProjects) = preSolution
		{E2657398-D360-4C6C-8641-238EC013B142} = {9A26F80B-10EC-4FC9-BBBC-F0F9A3D5011A}
		{48E4096F-C18E-44B4-8A64-835A59E3DF1D} = {0077E305-B43B-4F9F-855A-121E2738E6F2}
	EndGlobalSection
	GlobalSection(ExtensibilityGlobals) = postSolution
		SolutionGuid = {23FA4618-149B-49DC-8C7C-81B4A07D2963}
	EndGlobalSection
EndGlobal
